PODS:
  - JKDataHelper_Swift (0.1.24)
  - Nimble (9.1.0)
  - Quick (4.0.0)

DEPENDENCIES:
  - JKDataHelper_Swift (from `../../`)
  - Nimble
  - Quick

SPEC REPOS:
  trunk:
    - Nimble
    - Quick

EXTERNAL SOURCES:
  JKDataHelper_Swift:
    :path: "../../"

SPEC CHECKSUMS:
  JKDataHelper_Swift: cb8cd9276e008aecd32730241f8c0a57e1123d74
  Nimble: 9c3a1e336ea8dcba3747fa0e8bb9299254c972ab
  Quick: 6473349e43b9271a8d43839d9ba1c442ed1b7ac4

PODFILE CHECKSUM: a460f0ab422b2a9f49c0870f5680445c3759cca5

COCOAPODS: 1.10.1
